
Microsoft Visual Studio Solution File, Format Version 12.00
# Visual Studio Version 17
VisualStudioVersion = 17.8.34525.116
MinimumVisualStudioVersion = 10.0.40219.1
Project("{9A19103F-16F7-4668-BE54-9A1E7A4F7556}") = "Northwind.Grpc.Service", "Northwind.Grpc.Service\Northwind.Grpc.Service.csproj", "{1CEFF889-512E-40F2-897D-7704EBB42236}"
EndProject
Project("{FAE04EC0-301F-11D3-BF4B-00C04F79EFBC}") = "Northwind.Grpc.Client.Mvc", "Northwind.Grpc.Client.Mvc\Northwind.Grpc.Client.Mvc.csproj", "{75024C2A-7EF6-4FEA-B71D-4A23960AD3B8}"
EndProject
Global
	GlobalSection(SolutionConfigurationPlatforms) = preSolution
		Debug|Any CPU = Debug|Any CPU
		Release|Any CPU = Release|Any CPU
	EndGlobalSection
	GlobalSection(ProjectConfigurationPlatforms) = postSolution
		{1CEFF889-512E-40F2-897D-7704EBB42236}.Debug|Any CPU.ActiveCfg = Debug|Any CPU
		{1CEFF889-512E-40F2-897D-7704EBB42236}.Debug|Any CPU.Build.0 = Debug|Any CPU
		{1CEFF889-512E-40F2-897D-7704EBB42236}.Release|Any CPU.ActiveCfg = Release|Any CPU
		{1CEFF889-512E-40F2-897D-7704EBB42236}.Release|Any CPU.Build.0 = Release|Any CPU
		{75024C2A-7EF6-4FEA-B71D-4A23960AD3B8}.Debug|Any CPU.ActiveCfg = Debug|Any CPU
		{75024C2A-7EF6-4FEA-B71D-4A23960AD3B8}.Debug|Any CPU.Build.0 = Debug|Any CPU
		{75024C2A-7EF6-4FEA-B71D-4A23960AD3B8}.Release|Any CPU.ActiveCfg = Release|Any CPU
		{75024C2A-7EF6-4FEA-B71D-4A23960AD3B8}.Release|Any CPU.Build.0 = Release|Any CPU
	EndGlobalSection
	GlobalSection(SolutionProperties) = preSolution
		HideSolutionNode = FALSE
	EndGlobalSection
	GlobalSection(ExtensibilityGlobals) = postSolution
		SolutionGuid = {483176DD-C8F9-47AF-94EA-7FADCE74EF9B}
	EndGlobalSection
EndGlobal
